
Microsoft Visual Studio Solution File, Format Version 12.00
# Visual Studio Version 17
VisualStudioVersion = 17.5.002.0
MinimumVisualStudioVersion = 10.0.40219.1
Project("{9A19103F-16F7-4668-BE54-9A1E7A4F7556}") = "Vejnavne.API", "Vejnavne.API.csproj", "{18953B8D-47A1-4810-BC7C-482C91EE3E6B}"
EndProject
Global
	GlobalSection(SolutionConfigurationPlatforms) = preSolution
		Debug|Any CPU = Debug|Any CPU
		Release|Any CPU = Release|Any CPU
	EndGlobalSection
	GlobalSection(ProjectConfigurationPlatforms) = postSolution
		{18953B8D-47A1-4810-BC7C-482C91EE3E6B}.Debug|Any CPU.ActiveCfg = Debug|Any CPU
		{18953B8D-47A1-4810-BC7C-482C91EE3E6B}.Debug|Any CPU.Build.0 = Debug|Any CPU
		{18953B8D-47A1-4810-BC7C-482C91EE3E6B}.Release|Any CPU.ActiveCfg = Release|Any CPU
		{18953B8D-47A1-4810-BC7C-482C91EE3E6B}.Release|Any CPU.Build.0 = Release|Any CPU
	EndGlobalSection
	GlobalSection(SolutionProperties) = preSolution
		HideSolutionNode = FALSE
	EndGlobalSection
	GlobalSection(ExtensibilityGlobals) = postSolution
		SolutionGuid = {66B05E1E-B325-468D-BFAF-5FB57BE6E8CF}
	EndGlobalSection
EndGlobal
